lockfileVersion: '9.0'

settings:
  autoInstallPeers: true
  excludeLinksFromLockfile: false

importers:
  .:
    dependencies:
      alpha-plugin:
        specifier: 1.0.0
        version: 1.0.0
      beta-plugin:
        specifier: 2.1.0
        version: 2.0.0
      delta-plugin:
        specifier: 4.0.0
        version: 4.0.0
      epsilon-plugin:
        specifier: 5.0.0
        version: 5.0.0

packages:
  alpha-plugin@1.0.0:
    resolution: {integrity: sha512-AAAAMIXEDALPHA00000000000000000000000000000000000000000000000000==}
  beta-plugin@2.0.0:
    resolution: {integrity: sha512-BBBBMIXEDBETA000000000000000000000000000000000000000000000000000==}
  delta-plugin@4.0.0:
    resolution: {integrity: sha512-DDDDMIXEDDELTA0000000000000000000000000000000000000000000000000==}
  epsilon-plugin@5.0.0:
    resolution: {integrity: sha512-EEEEOMIXEDEPSILON000000000000000000000000000000000000000000000000==}

snapshots:
  alpha-plugin@1.0.0: {}
  beta-plugin@2.0.0: {}
  delta-plugin@4.0.0: {}
  epsilon-plugin@5.0.0: {}
